GEM
  remote: https://rubygems.org/
  specs:
    equatable (0.6.1)
    parslet (1.8.2)
    pastel (0.7.3)
      equatable (~> 0.6)
      tty-color (~> 0.5)
    thor (0.20.3)
    tty-color (0.5.0)
    vim-flavor (3.0.0)
      parslet (~> 1.8)
      pastel (~> 0.7)
      thor (~> 0.20)

PLATFORMS
  ruby

DEPENDENCIES
  vim-flavor (~> 3.0)

BUNDLED WITH
   1.17.2
